// !$*UTF8*$!
{
	archiveVersion = 1;
	classes = {
	};
	objectVersion = 46;
	objects = {

/* Begin PBXBuildFile section */
		9A6ED50E1DB9988A00DEA13D /* preliminary.cpp in Sources */ = {isa = PBXBuildFile; fileRef = 9A6ED50D1DB9988A00DEA13D /* preliminary.cpp */; };
		9A6ED5161DC2BA6900DEA13D /* staticIntegration.cpp in Sources */ = {isa = PBXBuildFile; fileRef = 9A6ED5151DC2BA6900DEA13D /* staticIntegration.cpp */; };
		9A6ED5181DC2C29E00DEA13D /* masterWorkerIntegration.cpp in Sources */ = {isa = PBXBuildFile; fileRef = 9A6ED5171DC2C29E00DEA13D /* masterWorkerIntegration.cpp */; };
		9A6ED51A1DC2CB3E00DEA13D /* advancedMasterWorker.cpp in Sources */ = {isa = PBXBuildFile; fileRef = 9A6ED5191DC2CB3E00DEA13D /* advancedMasterWorker.cpp */; };
		9A6ED5581DE136CA00DEA13D /* advancedMaster_Worker.cpp in Sources */ = {isa = PBXBuildFile; fileRef = 9A6ED5571DE136CA00DEA13D /* advancedMaster_Worker.cpp */; };
/* End PBXBuildFile section */

/* Begin PBXCopyFilesBuildPhase section */
		9A6ED5081DB9988A00DEA13D /* CopyFiles */ = {
			isa = PBXCopyFilesBuildPhase;
			buildActionMask = 2147483647;
			dstPath = /usr/share/man/man1/;
			dstSubfolderSpec = 0;
			files = (
			);
			runOnlyForDeploymentPostprocessing = 1;
		};
/* End PBXCopyFilesBuildPhase section */

/* Begin PBXFileReference section */
		9A6ED50A1DB9988A00DEA13D /* Assignment7 */ = {isa = PBXFileReference; explicitFileType = "compiled.mach-o.executable"; includeInIndex = 0; path = Assignment7; sourceTree = BUILT_PRODUCTS_DIR; };
		9A6ED50D1DB9988A00DEA13D /* preliminary.cpp */ = {isa = PBXFileReference; lastKnownFileType = sourcecode.cpp.cpp; path = preliminary.cpp; sourceTree = "<group>"; };
		9A6ED5141DB9A1E400DEA13D /* script.sh */ = {isa = PBXFileReference; lastKnownFileType = text.script.sh; path = script.sh; sourceTree = "<group>"; };
		9A6ED5151DC2BA6900DEA13D /* staticIntegration.cpp */ = {isa = PBXFileReference; fileEncoding = 4; lastKnownFileType = sourcecode.cpp.cpp; path = staticIntegration.cpp; sourceTree = "<group>"; };
		9A6ED5171DC2C29E00DEA13D /* masterWorkerIntegration.cpp */ = {isa = PBXFileReference; fileEncoding = 4; lastKnownFileType = sourcecode.cpp.cpp; path = masterWorkerIntegration.cpp; sourceTree = "<group>"; };
		9A6ED5191DC2CB3E00DEA13D /* advancedMasterWorker.cpp */ = {isa = PBXFileReference; fileEncoding = 4; lastKnownFileType = sourcecode.cpp.cpp; path = advancedMasterWorker.cpp; sourceTree = "<group>"; };
		9A6ED51B1DDE6A3C00DEA13D /* ScriptCompileOnly.sh */ = {isa = PBXFileReference; lastKnownFileType = text.script.sh; path = ScriptCompileOnly.sh; sourceTree = "<group>"; };
		9A6ED5571DE136CA00DEA13D /* advancedMaster_Worker.cpp */ = {isa = PBXFileReference; fileEncoding = 4; lastKnownFileType = sourcecode.cpp.cpp; path = advancedMaster_Worker.cpp; sourceTree = "<group>"; };
/* End PBXFileReference section */

/* Begin PBXFrameworksBuildPhase section */
		9A6ED5071DB9988A00DEA13D /* Frameworks */ = {
			isa = PBXFrameworksBuildPhase;
			buildActionMask = 2147483647;
			files = (
			);
			runOnlyForDeploymentPostprocessing = 0;
		};
/* End PBXFrameworksBuildPhase section */

/* Begin PBXGroup section */
		9A6ED5011DB9988A00DEA13D = {
			isa = PBXGroup;
			children = (
				9A6ED50C1DB9988A00DEA13D /* Assignment7 */,
				9A6ED50B1DB9988A00DEA13D /* Products */,
			);
			sourceTree = "<group>";
		};
		9A6ED50B1DB9988A00DEA13D /* Products */ = {
			isa = PBXGroup;
			children = (
				9A6ED50A1DB9988A00DEA13D /* Assignment7 */,
			);
			name = Products;
			sourceTree = "<group>";
		};
		9A6ED50C1DB9988A00DEA13D /* Assignment7 */ = {
			isa = PBXGroup;
			children = (
				9A6ED50D1DB9988A00DEA13D /* preliminary.cpp */,
				9A6ED5141DB9A1E400DEA13D /* script.sh */,
				9A6ED5151DC2BA6900DEA13D /* staticIntegration.cpp */,
				9A6ED5191DC2CB3E00DEA13D /* advancedMasterWorker.cpp */,
				9A6ED5171DC2C29E00DEA13D /* masterWorkerIntegration.cpp */,
				9A6ED51B1DDE6A3C00DEA13D /* ScriptCompileOnly.sh */,
				9A6ED5571DE136CA00DEA13D /* advancedMaster_Worker.cpp */,
			);
			path = Assignment7;
			sourceTree = "<group>";
		};
/* End PBXGroup section */

/* Begin PBXNativeTarget section */
		9A6ED5091DB9988A00DEA13D /* Assignment7 */ = {
			isa = PBXNativeTarget;
			buildConfigurationList = 9A6ED5111DB9988A00DEA13D /* Build configuration list for PBXNativeTarget "Assignment7" */;
			buildPhases = (
				9A6ED5061DB9988A00DEA13D /* Sources */,
				9A6ED5071DB9988A00DEA13D /* Frameworks */,
				9A6ED5081DB9988A00DEA13D /* CopyFiles */,
			);
			buildRules = (
			);
			dependencies = (
			);
			name = Assignment7;
			productName = Assignment7;
			productReference = 9A6ED50A1DB9988A00DEA13D /* Assignment7 */;
			productType = "com.apple.product-type.tool";
		};
/* End PBXNativeTarget section */

/* Begin PBXProject section */
		9A6ED5021DB9988A00DEA13D /* Project object */ = {
			isa = PBXProject;
			attributes = {
				LastUpgradeCheck = 0730;
				ORGANIZATIONNAME = "William Rosmon";
				TargetAttributes = {
					9A6ED5091DB9988A00DEA13D = {
						CreatedOnToolsVersion = 7.3.1;
					};
				};
			};
			buildConfigurationList = 9A6ED5051DB9988A00DEA13D /* Build configuration list for PBXProject "Assignment7" */;
			compatibilityVersion = "Xcode 3.2";
			developmentRegion = English;
			hasScannedForEncodings = 0;
			knownRegions = (
				en,
			);
			mainGroup = 9A6ED5011DB9988A00DEA13D;
			productRefGroup = 9A6ED50B1DB9988A00DEA13D /* Products */;
			projectDirPath = "";
			projectRoot = "";
			targets = (
				9A6ED5091DB9988A00DEA13D /* Assignment7 */,
			);
		};
/* End PBXProject section */

/* Begin PBXSourcesBuildPhase section */
		9A6ED5061DB9988A00DEA13D /* Sources */ = {
			isa = PBXSourcesBuildPhase;
			buildActionMask = 2147483647;
			files = (
				9A6ED5181DC2C29E00DEA13D /* masterWorkerIntegration.cpp in Sources */,
				9A6ED5581DE136CA00DEA13D /* advancedMaster_Worker.cpp in Sources */,
				9A6ED51A1DC2CB3E00DEA13D /* advancedMasterWorker.cpp in Sources */,
				9A6ED5161DC2BA6900DEA13D /* staticIntegration.cpp in Sources */,
				9A6ED50E1DB9988A00DEA13D /* preliminary.cpp in Sources */,
			);
			runOnlyForDeploymentPostprocessing = 0;
		};
/* End PBXSourcesBuildPhase section */

/* Begin XCBuildConfiguration section */
		9A6ED50F1DB9988A00DEA13D /* Debug */ = {
			isa = XCBuildConfiguration;
			buildSettings = {
				ALWAYS_SEARCH_USER_PATHS = NO;
				CLANG_ANALYZER_NONNULL = YES;
				CLANG_CXX_LANGUAGE_STANDARD = "gnu++0x";
				CLANG_CXX_LIBRARY = "libc++";
				CLANG_ENABLE_MODULES = YES;
				CLANG_ENABLE_OBJC_ARC = YES;
				CLANG_WARN_BOOL_CONVERSION = YES;
				CLANG_WARN_CONSTANT_CONVERSION = YES;
				CLANG_WARN_DIRECT_OBJC_ISA_USAGE = YES_ERROR;
				CLANG_WARN_EMPTY_BODY = YES;
				CLANG_WARN_ENUM_CONVERSION = YES;
				CLANG_WARN_INT_CONVERSION = YES;
				CLANG_WARN_OBJC_ROOT_CLASS = YES_ERROR;
				CLANG_WARN_UNREACHABLE_CODE = YES;
				CLANG_WARN__DUPLICATE_METHOD_MATCH = YES;
				CODE_SIGN_IDENTITY = "-";
				COPY_PHASE_STRIP = NO;
				DEBUG_INFORMATION_FORMAT = dwarf;
				ENABLE_STRICT_OBJC_MSGSEND = YES;
				ENABLE_TESTABILITY = YES;
				GCC_C_LANGUAGE_STANDARD = gnu99;
				GCC_DYNAMIC_NO_PIC = NO;
				GCC_NO_COMMON_BLOCKS = YES;
				GCC_OPTIMIZATION_LEVEL = 0;
				GCC_PREPROCESSOR_DEFINITIONS = (
					"DEBUG=1",
					"$(inherited)",
				);
				GCC_WARN_64_TO_32_BIT_CONVERSION = YES;
				GCC_WARN_ABOUT_RETURN_TYPE = YES_ERROR;
				GCC_WARN_UNDECLARED_SELECTOR = YES;
				GCC_WARN_UNINITIALIZED_AUTOS = YES_AGGRESSIVE;
				GCC_WARN_UNUSED_FUNCTION = YES;
				GCC_WARN_UNUSED_VARIABLE = YES;
				MACOSX_DEPLOYMENT_TARGET = 10.11;
				MTL_ENABLE_DEBUG_INFO = YES;
				ONLY_ACTIVE_ARCH = YES;
				SDKROOT = macosx;
			};
			name = Debug;
		};
		9A6ED5101DB9988A00DEA13D /* Release */ = {
			isa = XCBuildConfiguration;
			buildSettings = {
				ALWAYS_SEARCH_USER_PATHS = NO;
				CLANG_ANALYZER_NONNULL = YES;
				CLANG_CXX_LANGUAGE_STANDARD = "gnu++0x";
				CLANG_CXX_LIBRARY = "libc++";
				CLANG_ENABLE_MODULES = YES;
				CLANG_ENABLE_OBJC_ARC = YES;
				CLANG_WARN_BOOL_CONVERSION = YES;
				CLANG_WARN_CONSTANT_CONVERSION = YES;
				CLANG_WARN_DIRECT_OBJC_ISA_USAGE = YES_ERROR;
				CLANG_WARN_EMPTY_BODY = YES;
				CLANG_WARN_ENUM_CONVERSION = YES;
				CLANG_WARN_INT_CONVERSION = YES;
				CLANG_WARN_OBJC_ROOT_CLASS = YES_ERROR;
				CLANG_WARN_UNREACHABLE_CODE = YES;
				CLANG_WARN__DUPLICATE_METHOD_MATCH = YES;
				CODE_SIGN_IDENTITY = "-";
				COPY_PHASE_STRIP = NO;
				DEBUG_INFORMATION_FORMAT = "dwarf-with-dsym";
				ENABLE_NS_ASSERTIONS = NO;
				ENABLE_STRICT_OBJC_MSGSEND = YES;
				GCC_C_LANGUAGE_STANDARD = gnu99;
				GCC_NO_COMMON_BLOCKS = YES;
				GCC_WARN_64_TO_32_BIT_CONVERSION = YES;
				GCC_WARN_ABOUT_RETURN_TYPE = YES_ERROR;
				GCC_WARN_UNDECLARED_SELECTOR = YES;
				GCC_WARN_UNINITIALIZED_AUTOS = YES_AGGRESSIVE;
				GCC_WARN_UNUSED_FUNCTION = YES;
				GCC_WARN_UNUSED_VARIABLE = YES;
				MACOSX_DEPLOYMENT_TARGET = 10.11;
				MTL_ENABLE_DEBUG_INFO = NO;
				SDKROOT = macosx;
			};
			name = Release;
		};
		9A6ED5121DB9988A00DEA13D /* Debug */ = {
			isa = XCBuildConfiguration;
			buildSettings = {
				PRODUCT_NAME = "$(TARGET_NAME)";
			};
			name = Debug;
		};
		9A6ED5131DB9988A00DEA13D /* Release */ = {
			isa = XCBuildConfiguration;
			buildSettings = {
				PRODUCT_NAME = "$(TARGET_NAME)";
			};
			name = Release;
		};
/* End XCBuildConfiguration section */

/* Begin XCConfigurationList section */
		9A6ED5051DB9988A00DEA13D /* Build configuration list for PBXProject "Assignment7" */ = {
			isa = XCConfigurationList;
			buildConfigurations = (
				9A6ED50F1DB9988A00DEA13D /* Debug */,
				9A6ED5101DB9988A00DEA13D /* Release */,
			);
			defaultConfigurationIsVisible = 0;
			defaultConfigurationName = Release;
		};
		9A6ED5111DB9988A00DEA13D /* Build configuration list for PBXNativeTarget "Assignment7" */ = {
			isa = XCConfigurationList;
			buildConfigurations = (
				9A6ED5121DB9988A00DEA13D /* Debug */,
				9A6ED5131DB9988A00DEA13D /* Release */,
			);
			defaultConfigurationIsVisible = 0;
			defaultConfigurationName = Release;
		};
/* End XCConfigurationList section */
	};
	rootObject = 9A6ED5021DB9988A00DEA13D /* Project object */;
}
